
Microsoft Visual Studio Solution File, Format Version 12.00
# Visual Studio Version 17
VisualStudioVersion = 17.5.002.0
MinimumVisualStudioVersion = 10.0.40219.1
Project("{9A19103F-16F7-4668-BE54-9A1E7A4F7556}") = "MemeToNervoso", "MemeToNervoso.csproj", "{E27C2981-BF06-4252-9044-295070616917}"
EndProject
Global
	GlobalSection(SolutionConfigurationPlatforms) = preSolution
		Debug|Any CPU = Debug|Any CPU
		Release|Any CPU = Release|Any CPU
	EndGlobalSection
	GlobalSection(ProjectConfigurationPlatforms) = postSolution
		{E27C2981-BF06-4252-9044-295070616917}.Debug|Any CPU.ActiveCfg = Debug|Any CPU
		{E27C2981-BF06-4252-9044-295070616917}.Debug|Any CPU.Build.0 = Debug|Any CPU
		{E27C2981-BF06-4252-9044-295070616917}.Release|Any CPU.ActiveCfg = Release|Any CPU
		{E27C2981-BF06-4252-9044-295070616917}.Release|Any CPU.Build.0 = Release|Any CPU
	EndGlobalSection
	GlobalSection(SolutionProperties) = preSolution
		HideSolutionNode = FALSE
	EndGlobalSection
	GlobalSection(ExtensibilityGlobals) = postSolution
		SolutionGuid = {E2382099-D8CD-4EE6-96FB-A4250E60E81D}
	EndGlobalSection
EndGlobal
